// !$*UTF8*$!
{
	archiveVersion = 1;
	classes = {
	};
	objectVersion = 46;
	objects = {

/* Begin PBXBuildFile section */
		4F7F882A151F8F8B00DD8B34 /* UIKit.framework in Frameworks */ = {isa = PBXBuildFile; fileRef = 4F7F8829151F8F8B00DD8B34 /* UIKit.framework */; };
		4F7F882C151F8F8B00DD8B34 /* Foundation.framework in Frameworks */ = {isa = PBXBuildFile; fileRef = 4F7F882B151F8F8B00DD8B34 /* Foundation.framework */; };
		4F7F882E151F8F8B00DD8B34 /* CoreGraphics.framework in Frameworks */ = {isa = PBXBuildFile; fileRef = 4F7F882D151F8F8B00DD8B34 /* CoreGraphics.framework */; };
		4F7F8834151F8F8B00DD8B34 /* InfoPlist.strings in Resources */ = {isa = PBXBuildFile; fileRef = 4F7F8832151F8F8B00DD8B34 /* InfoPlist.strings */; };
		4F7F8836151F8F8B00DD8B34 /* main.m in Sources */ = {isa = PBXBuildFile; fileRef = 4F7F8835151F8F8B00DD8B34 /* main.m */; };
		4F7F883A151F8F8B00DD8B34 /* March29AppDelegate.m in Sources */ = {isa = PBXBuildFile; fileRef = 4F7F8839151F8F8B00DD8B34 /* March29AppDelegate.m */; };
		4F7F8842151F90F600DD8B34 /* View.m in Sources */ = {isa = PBXBuildFile; fileRef = 4F7F8841151F90F600DD8B34 /* View.m */; };
/* End PBXBuildFile section */

/* Begin PBXFileReference section */
		4F7F8825151F8F8B00DD8B34 /* March29.app */ = {isa = PBXFileReference; explicitFileType = wrapper.application; includeInIndex = 0; path = March29.app; sourceTree = BUILT_PRODUCTS_DIR; };
		4F7F8829151F8F8B00DD8B34 /* UIKit.framework */ = {isa = PBXFileReference; lastKnownFileType = wrapper.framework; name = UIKit.framework; path = System/Library/Frameworks/UIKit.framework; sourceTree = SDKROOT; };
		4F7F882B151F8F8B00DD8B34 /* Foundation.framework */ = {isa = PBXFileReference; lastKnownFileType = wrapper.framework; name = Foundation.framework; path = System/Library/Frameworks/Foundation.framework; sourceTree = SDKROOT; };
		4F7F882D151F8F8B00DD8B34 /* CoreGraphics.framework */ = {isa = PBXFileReference; lastKnownFileType = wrapper.framework; name = CoreGraphics.framework; path = System/Library/Frameworks/CoreGraphics.framework; sourceTree = SDKROOT; };
		4F7F8831151F8F8B00DD8B34 /* March29-Info.plist */ = {isa = PBXFileReference; lastKnownFileType = text.plist.xml; path = "March29-Info.plist"; sourceTree = "<group>"; };
		4F7F8833151F8F8B00DD8B34 /* en */ = {isa = PBXFileReference; lastKnownFileType = text.plist.strings; name = en; path = en.lproj/InfoPlist.strings; sourceTree = "<group>"; };
		4F7F8835151F8F8B00DD8B34 /* main.m */ = {isa = PBXFileReference; lastKnownFileType = sourcecode.c.objc; path = main.m; sourceTree = "<group>"; };
		4F7F8837151F8F8B00DD8B34 /* March29-Prefix.pch */ = {isa = PBXFileReference; lastKnownFileType = sourcecode.c.h; path = "March29-Prefix.pch"; sourceTree = "<group>"; };
		4F7F8838151F8F8B00DD8B34 /* March29AppDelegate.h */ = {isa = PBXFileReference; lastKnownFileType = sourcecode.c.h; path = March29AppDelegate.h; sourceTree = "<group>"; };
		4F7F8839151F8F8B00DD8B34 /* March29AppDelegate.m */ = {isa = PBXFileReference; lastKnownFileType = sourcecode.c.objc; path = March29AppDelegate.m; sourceTree = "<group>"; };
		4F7F8840151F90F600DD8B34 /* View.h */ = {isa = PBXFileReference; fileEncoding = 4; lastKnownFileType = sourcecode.c.h; path = View.h; sourceTree = "<group>"; };
		4F7F8841151F90F600DD8B34 /* View.m */ = {isa = PBXFileReference; fileEncoding = 4; lastKnownFileType = sourcecode.c.objc; path = View.m; sourceTree = "<group>"; };
/* End PBXFileReference section */

/* Begin PBXFrameworksBuildPhase section */
		4F7F8822151F8F8B00DD8B34 /* Frameworks */ = {
			isa = PBXFrameworksBuildPhase;
			buildActionMask = 2147483647;
			files = (
				4F7F882A151F8F8B00DD8B34 /* UIKit.framework in Frameworks */,
				4F7F882C151F8F8B00DD8B34 /* Foundation.framework in Frameworks */,
				4F7F882E151F8F8B00DD8B34 /* CoreGraphics.framework in Frameworks */,
			);
			runOnlyForDeploymentPostprocessing = 0;
		};
/* End PBXFrameworksBuildPhase section */

/* Begin PBXGroup section */
		4F7F881A151F8F8A00DD8B34 = {
			isa = PBXGroup;
			children = (
				4F7F882F151F8F8B00DD8B34 /* March29 */,
				4F7F8828151F8F8B00DD8B34 /* Frameworks */,
				4F7F8826151F8F8B00DD8B34 /* Products */,
			);
			sourceTree = "<group>";
		};
		4F7F8826151F8F8B00DD8B34 /* Products */ = {
			isa = PBXGroup;
			children = (
				4F7F8825151F8F8B00DD8B34 /* March29.app */,
			);
			name = Products;
			sourceTree = "<group>";
		};
		4F7F8828151F8F8B00DD8B34 /* Frameworks */ = {
			isa = PBXGroup;
			children = (
				4F7F8829151F8F8B00DD8B34 /* UIKit.framework */,
				4F7F882B151F8F8B00DD8B34 /* Foundation.framework */,
				4F7F882D151F8F8B00DD8B34 /* CoreGraphics.framework */,
			);
			name = Frameworks;
			sourceTree = "<group>";
		};
		4F7F882F151F8F8B00DD8B34 /* March29 */ = {
			isa = PBXGroup;
			children = (
				4F7F8838151F8F8B00DD8B34 /* March29AppDelegate.h */,
				4F7F8839151F8F8B00DD8B34 /* March29AppDelegate.m */,
				4F7F8840151F90F600DD8B34 /* View.h */,
				4F7F8841151F90F600DD8B34 /* View.m */,
				4F7F8830151F8F8B00DD8B34 /* Supporting Files */,
			);
			path = March29;
			sourceTree = "<group>";
		};
		4F7F8830151F8F8B00DD8B34 /* Supporting Files */ = {
			isa = PBXGroup;
			children = (
				4F7F8831151F8F8B00DD8B34 /* March29-Info.plist */,
				4F7F8832151F8F8B00DD8B34 /* InfoPlist.strings */,
				4F7F8835151F8F8B00DD8B34 /* main.m */,
				4F7F8837151F8F8B00DD8B34 /* March29-Prefix.pch */,
			);
			name = "Supporting Files";
			sourceTree = "<group>";
		};
/* End PBXGroup section */

/* Begin PBXNativeTarget section */
		4F7F8824151F8F8B00DD8B34 /* March29 */ = {
			isa = PBXNativeTarget;
			buildConfigurationList = 4F7F883D151F8F8B00DD8B34 /* Build configuration list for PBXNativeTarget "March29" */;
			buildPhases = (
				4F7F8821151F8F8B00DD8B34 /* Sources */,
				4F7F8822151F8F8B00DD8B34 /* Frameworks */,
				4F7F8823151F8F8B00DD8B34 /* Resources */,
			);
			buildRules = (
			);
			dependencies = (
			);
			name = March29;
			productName = March29;
			productReference = 4F7F8825151F8F8B00DD8B34 /* March29.app */;
			productType = "com.apple.product-type.application";
		};
/* End PBXNativeTarget section */

/* Begin PBXProject section */
		4F7F881C151F8F8A00DD8B34 /* Project object */ = {
			isa = PBXProject;
			attributes = {
				CLASSPREFIX = March29;
				LastUpgradeCheck = 0430;
			};
			buildConfigurationList = 4F7F881F151F8F8A00DD8B34 /* Build configuration list for PBXProject "March29" */;
			compatibilityVersion = "Xcode 3.2";
			developmentRegion = English;
			hasScannedForEncodings = 0;
			knownRegions = (
				en,
			);
			mainGroup = 4F7F881A151F8F8A00DD8B34;
			productRefGroup = 4F7F8826151F8F8B00DD8B34 /* Products */;
			projectDirPath = "";
			projectRoot = "";
			targets = (
				4F7F8824151F8F8B00DD8B34 /* March29 */,
			);
		};
/* End PBXProject section */

/* Begin PBXResourcesBuildPhase section */
		4F7F8823151F8F8B00DD8B34 /* Resources */ = {
			isa = PBXResourcesBuildPhase;
			buildActionMask = 2147483647;
			files = (
				4F7F8834151F8F8B00DD8B34 /* InfoPlist.strings in Resources */,
			);
			runOnlyForDeploymentPostprocessing = 0;
		};
/* End PBXResourcesBuildPhase section */

/* Begin PBXSourcesBuildPhase section */
		4F7F8821151F8F8B00DD8B34 /* Sources */ = {
			isa = PBXSourcesBuildPhase;
			buildActionMask = 2147483647;
			files = (
				4F7F8836151F8F8B00DD8B34 /* main.m in Sources */,
				4F7F883A151F8F8B00DD8B34 /* March29AppDelegate.m in Sources */,
				4F7F8842151F90F600DD8B34 /* View.m in Sources */,
			);
			runOnlyForDeploymentPostprocessing = 0;
		};
/* End PBXSourcesBuildPhase section */

/* Begin PBXVariantGroup section */
		4F7F8832151F8F8B00DD8B34 /* InfoPlist.strings */ = {
			isa = PBXVariantGroup;
			children = (
				4F7F8833151F8F8B00DD8B34 /* en */,
			);
			name = InfoPlist.strings;
			sourceTree = "<group>";
		};
/* End PBXVariantGroup section */

/* Begin XCBuildConfiguration section */
		4F7F883B151F8F8B00DD8B34 /* Debug */ = {
			isa = XCBuildConfiguration;
			buildSettings = {
				ALWAYS_SEARCH_USER_PATHS = NO;
				ARCHS = "$(ARCHS_STANDARD_32_BIT)";
				CLANG_ENABLE_OBJC_ARC = YES;
				"CODE_SIGN_IDENTITY[sdk=iphoneos*]" = "iPhone Developer";
				COPY_PHASE_STRIP = NO;
				GCC_C_LANGUAGE_STANDARD = gnu99;
				GCC_DYNAMIC_NO_PIC = NO;
				GCC_OPTIMIZATION_LEVEL = 0;
				GCC_PREPROCESSOR_DEFINITIONS = (
					"DEBUG=1",
					"$(inherited)",
				);
				GCC_SYMBOLS_PRIVATE_EXTERN = NO;
				GCC_VERSION = com.apple.compilers.llvm.clang.1_0;
				GCC_WARN_ABOUT_RETURN_TYPE = YES;
				GCC_WARN_UNINITIALIZED_AUTOS = YES;
				GCC_WARN_UNUSED_VARIABLE = YES;
				IPHONEOS_DEPLOYMENT_TARGET = 5.1;
				SDKROOT = iphoneos;
				TARGETED_DEVICE_FAMILY = "1,2";
			};
			name = Debug;
		};
		4F7F883C151F8F8B00DD8B34 /* Release */ = {
			isa = XCBuildConfiguration;
			buildSettings = {
				ALWAYS_SEARCH_USER_PATHS = NO;
				ARCHS = "$(ARCHS_STANDARD_32_BIT)";
				CLANG_ENABLE_OBJC_ARC = YES;
				"CODE_SIGN_IDENTITY[sdk=iphoneos*]" = "iPhone Developer";
				COPY_PHASE_STRIP = YES;
				GCC_C_LANGUAGE_STANDARD = gnu99;
				GCC_VERSION = com.apple.compilers.llvm.clang.1_0;
				GCC_WARN_ABOUT_RETURN_TYPE = YES;
				GCC_WARN_UNINITIALIZED_AUTOS = YES;
				GCC_WARN_UNUSED_VARIABLE = YES;
				IPHONEOS_DEPLOYMENT_TARGET = 5.1;
				OTHER_CFLAGS = "-DNS_BLOCK_ASSERTIONS=1";
				SDKROOT = iphoneos;
				TARGETED_DEVICE_FAMILY = "1,2";
				VALIDATE_PRODUCT = YES;
			};
			name = Release;
		};
		4F7F883E151F8F8B00DD8B34 /* Debug */ = {
			isa = XCBuildConfiguration;
			buildSettings = {
				GCC_PRECOMPILE_PREFIX_HEADER = YES;
				GCC_PREFIX_HEADER = "March29/March29-Prefix.pch";
				INFOPLIST_FILE = "March29/March29-Info.plist";
				PRODUCT_NAME = "$(TARGET_NAME)";
				TARGETED_DEVICE_FAMILY = 1;
				WRAPPER_EXTENSION = app;
			};
			name = Debug;
		};
		4F7F883F151F8F8B00DD8B34 /* Release */ = {
			isa = XCBuildConfiguration;
			buildSettings = {
				GCC_PRECOMPILE_PREFIX_HEADER = YES;
				GCC_PREFIX_HEADER = "March29/March29-Prefix.pch";
				INFOPLIST_FILE = "March29/March29-Info.plist";
				PRODUCT_NAME = "$(TARGET_NAME)";
				TARGETED_DEVICE_FAMILY = 1;
				WRAPPER_EXTENSION = app;
			};
			name = Release;
		};
/* End XCBuildConfiguration section */

/* Begin XCConfigurationList section */
		4F7F881F151F8F8A00DD8B34 /* Build configuration list for PBXProject "March29" */ = {
			isa = XCConfigurationList;
			buildConfigurations = (
				4F7F883B151F8F8B00DD8B34 /* Debug */,
				4F7F883C151F8F8B00DD8B34 /* Release */,
			);
			defaultConfigurationIsVisible = 0;
			defaultConfigurationName = Release;
		};
		4F7F883D151F8F8B00DD8B34 /* Build configuration list for PBXNativeTarget "March29" */ = {
			isa = XCConfigurationList;
			buildConfigurations = (
				4F7F883E151F8F8B00DD8B34 /* Debug */,
				4F7F883F151F8F8B00DD8B34 /* Release */,
			);
			defaultConfigurationIsVisible = 0;
		};
/* End XCConfigurationList section */
	};
	rootObject = 4F7F881C151F8F8A00DD8B34 /* Project object */;
}
